{
    "version": 3,
    "terraform_version": "0.11.12",
    "serial": 2,
    "lineage": "1d53791a-d930-8a65-d2f3-c96ce80965a3",
    "modules": [
        {
            "path": [
                "root"
            ],
            "outputs": {
                "extips": {
                    "sensitive": false,
                    "type": "list",
                    "value": [
                        "",
                        "",
                        ""
                    ]
                },
                "vmnames": {
                    "sensitive": false,
                    "type": "list",
                    "value": [
                        "vmcwarren0",
                        "vmcwarren1",
                        "vmcwarren2"
                    ]
                }
            },
            "resources": {
                "azurerm_availability_set.as_train": {
                    "type": "azurerm_availability_set",
                    "depends_on": [
                        "azurerm_resource_group.rg_train"
                    ],
                    "primary": {
                        "id": "/subscriptions/e5c064d7-9c8f-4e8d-ba57-5da9f1610cb3/resourceGroups/rg_cwarren/providers/Microsoft.Compute/availabilitySets/as_cwarren",
                        "attributes": {
                            "id": "/subscriptions/e5c064d7-9c8f-4e8d-ba57-5da9f1610cb3/resourceGroups/rg_cwarren/providers/Microsoft.Compute/availabilitySets/as_cwarren",
                            "location": "eastus",
                            "managed": "true",
                            "name": "as_cwarren",
                            "platform_fault_domain_count": "3",
                            "platform_update_domain_count": "5",
                            "resource_group_name": "rg_cwarren",
                            "tags.%": "1",
                            "tags.environment": "cwarren"
                        },
                        "meta": {},
                        "tainted": false
                    },
                    "deposed": [],
                    "provider": "provider.azurerm"
                },
                "azurerm_lb.lb_train": {
                    "type": "azurerm_lb",
                    "depends_on": [
                        "azurerm_public_ip.ip_ext_LB_train",
                        "azurerm_resource_group.rg_train"
                    ],
                    "primary": {
                        "id": "/subscriptions/e5c064d7-9c8f-4e8d-ba57-5da9f1610cb3/resourceGroups/rg_cwarren/providers/Microsoft.Network/loadBalancers/lb_cwarren",
                        "attributes": {
                            "frontend_ip_configuration.#": "1",
                            "frontend_ip_configuration.0.inbound_nat_rules.#": "0",
                            "frontend_ip_configuration.0.load_balancer_rules.#": "0",
                            "frontend_ip_configuration.0.name": "PublicIPAddress",
                            "frontend_ip_configuration.0.private_ip_address": "",
                            "frontend_ip_configuration.0.private_ip_address_allocation": "Dynamic",
                            "frontend_ip_configuration.0.public_ip_address_id": "/subscriptions/e5c064d7-9c8f-4e8d-ba57-5da9f1610cb3/resourceGroups/rg_cwarren/providers/Microsoft.Network/publicIPAddresses/ip_ext_LB_cwarren",
                            "frontend_ip_configuration.0.subnet_id": "",
                            "frontend_ip_configuration.0.zones.#": "0",
                            "id": "/subscriptions/e5c064d7-9c8f-4e8d-ba57-5da9f1610cb3/resourceGroups/rg_cwarren/providers/Microsoft.Network/loadBalancers/lb_cwarren",
                            "location": "eastus",
                            "name": "lb_cwarren",
                            "private_ip_address": "",
                            "private_ip_addresses.#": "0",
                            "resource_group_name": "rg_cwarren",
                            "sku": "Basic",
                            "tags.%": "1",
                            "tags.environment": "cwarren"
                        },
                        "meta": {},
                        "tainted": false
                    },
                    "deposed": [],
                    "provider": "provider.azurerm"
                },
                "azurerm_lb_backend_address_pool.pool_train": {
                    "type": "azurerm_lb_backend_address_pool",
                    "depends_on": [
                        "azurerm_lb.lb_train",
                        "azurerm_resource_group.rg_train"
                    ],
                    "primary": {
                        "id": "/subscriptions/e5c064d7-9c8f-4e8d-ba57-5da9f1610cb3/resourceGroups/rg_cwarren/providers/Microsoft.Network/loadBalancers/lb_cwarren/backendAddressPools/pool_cwarren",
                        "attributes": {
                            "backend_ip_configurations.#": "0",
                            "id": "/subscriptions/e5c064d7-9c8f-4e8d-ba57-5da9f1610cb3/resourceGroups/rg_cwarren/providers/Microsoft.Network/loadBalancers/lb_cwarren/backendAddressPools/pool_cwarren",
                            "load_balancing_rules.#": "0",
                            "loadbalancer_id": "/subscriptions/e5c064d7-9c8f-4e8d-ba57-5da9f1610cb3/resourceGroups/rg_cwarren/providers/Microsoft.Network/loadBalancers/lb_cwarren",
                            "name": "pool_cwarren",
                            "resource_group_name": "rg_cwarren"
                        },
                        "meta": {},
                        "tainted": false
                    },
                    "deposed": [],
                    "provider": "provider.azurerm"
                },
                "azurerm_network_interface.nic_train.0": {
                    "type": "azurerm_network_interface",
                    "depends_on": [
                        "azurerm_lb_backend_address_pool.pool_train",
                        "azurerm_public_ip.ip_ext_train.*",
                        "azurerm_resource_group.rg_train",
                        "azurerm_subnet.snet_host"
                    ],
                    "primary": {
                        "id": "/subscriptions/e5c064d7-9c8f-4e8d-ba57-5da9f1610cb3/resourceGroups/rg_cwarren/providers/Microsoft.Network/networkInterfaces/ni-cwarren-0",
                        "attributes": {
                            "applied_dns_servers.#": "0",
                            "dns_servers.#": "0",
                            "enable_accelerated_networking": "false",
                            "enable_ip_forwarding": "false",
                            "id": "/subscriptions/e5c064d7-9c8f-4e8d-ba57-5da9f1610cb3/resourceGroups/rg_cwarren/providers/Microsoft.Network/networkInterfaces/ni-cwarren-0",
                            "internal_dns_name_label": "",
                            "internal_fqdn": "",
                            "ip_configuration.#": "1",
                            "ip_configuration.0.application_gateway_backend_address_pools_ids.#": "0",
                            "ip_configuration.0.application_security_group_ids.#": "0",
                            "ip_configuration.0.load_balancer_backend_address_pools_ids.#": "1",
                            "ip_configuration.0.load_balancer_backend_address_pools_ids.4112404539": "/subscriptions/e5c064d7-9c8f-4e8d-ba57-5da9f1610cb3/resourceGroups/rg_cwarren/providers/Microsoft.Network/loadBalancers/lb_cwarren/backendAddressPools/pool_cwarren",
                            "ip_configuration.0.load_balancer_inbound_nat_rules_ids.#": "0",
                            "ip_configuration.0.name": "ip_int_cwarren",
                            "ip_configuration.0.primary": "true",
                            "ip_configuration.0.private_ip_address": "10.240.0.4",
                            "ip_configuration.0.private_ip_address_allocation": "static",
                            "ip_configuration.0.private_ip_address_version": "IPv4",
                            "ip_configuration.0.public_ip_address_id": "/subscriptions/e5c064d7-9c8f-4e8d-ba57-5da9f1610cb3/resourceGroups/rg_cwarren/providers/Microsoft.Network/publicIPAddresses/ipExtcwarren0",
                            "ip_configuration.0.subnet_id": "/subscriptions/e5c064d7-9c8f-4e8d-ba57-5da9f1610cb3/resourceGroups/rg_cwarren/providers/Microsoft.Network/virtualNetworks/net_cwarren/subnets/snet_host",
                            "location": "eastus",
                            "mac_address": "",
                            "name": "ni-cwarren-0",
                            "network_security_group_id": "",
                            "private_ip_address": "10.240.0.4",
                            "private_ip_addresses.#": "1",
                            "private_ip_addresses.0": "10.240.0.4",
                            "resource_group_name": "rg_cwarren",
                            "tags.%": "1",
                            "tags.environment": "cwarren"
                        },
                        "meta": {},
                        "tainted": false
                    },
                    "deposed": [],
                    "provider": "provider.azurerm"
                },
                "azurerm_network_interface.nic_train.1": {
                    "type": "azurerm_network_interface",
                    "depends_on": [
                        "azurerm_lb_backend_address_pool.pool_train",
                        "azurerm_public_ip.ip_ext_train.*",
                        "azurerm_resource_group.rg_train",
                        "azurerm_subnet.snet_host"
                    ],
                    "primary": {
                        "id": "/subscriptions/e5c064d7-9c8f-4e8d-ba57-5da9f1610cb3/resourceGroups/rg_cwarren/providers/Microsoft.Network/networkInterfaces/ni-cwarren-1",
                        "attributes": {
                            "applied_dns_servers.#": "0",
                            "dns_servers.#": "0",
                            "enable_accelerated_networking": "false",
                            "enable_ip_forwarding": "false",
                            "id": "/subscriptions/e5c064d7-9c8f-4e8d-ba57-5da9f1610cb3/resourceGroups/rg_cwarren/providers/Microsoft.Network/networkInterfaces/ni-cwarren-1",
                            "internal_dns_name_label": "",
                            "internal_fqdn": "",
                            "ip_configuration.#": "1",
                            "ip_configuration.0.application_gateway_backend_address_pools_ids.#": "0",
                            "ip_configuration.0.application_security_group_ids.#": "0",
                            "ip_configuration.0.load_balancer_backend_address_pools_ids.#": "1",
                            "ip_configuration.0.load_balancer_backend_address_pools_ids.4112404539": "/subscriptions/e5c064d7-9c8f-4e8d-ba57-5da9f1610cb3/resourceGroups/rg_cwarren/providers/Microsoft.Network/loadBalancers/lb_cwarren/backendAddressPools/pool_cwarren",
                            "ip_configuration.0.load_balancer_inbound_nat_rules_ids.#": "0",
                            "ip_configuration.0.name": "ip_int_cwarren",
                            "ip_configuration.0.primary": "true",
                            "ip_configuration.0.private_ip_address": "10.240.0.5",
                            "ip_configuration.0.private_ip_address_allocation": "static",
                            "ip_configuration.0.private_ip_address_version": "IPv4",
                            "ip_configuration.0.public_ip_address_id": "/subscriptions/e5c064d7-9c8f-4e8d-ba57-5da9f1610cb3/resourceGroups/rg_cwarren/providers/Microsoft.Network/publicIPAddresses/ipExtcwarren1",
                            "ip_configuration.0.subnet_id": "/subscriptions/e5c064d7-9c8f-4e8d-ba57-5da9f1610cb3/resourceGroups/rg_cwarren/providers/Microsoft.Network/virtualNetworks/net_cwarren/subnets/snet_host",
                            "location": "eastus",
                            "mac_address": "",
                            "name": "ni-cwarren-1",
                            "network_security_group_id": "",
                            "private_ip_address": "10.240.0.5",
                            "private_ip_addresses.#": "1",
                            "private_ip_addresses.0": "10.240.0.5",
                            "resource_group_name": "rg_cwarren",
                            "tags.%": "1",
                            "tags.environment": "cwarren"
                        },
                        "meta": {},
                        "tainted": false
                    },
                    "deposed": [],
                    "provider": "provider.azurerm"
                },
                "azurerm_network_interface.nic_train.2": {
                    "type": "azurerm_network_interface",
                    "depends_on": [
                        "azurerm_lb_backend_address_pool.pool_train",
                        "azurerm_public_ip.ip_ext_train.*",
                        "azurerm_resource_group.rg_train",
                        "azurerm_subnet.snet_host"
                    ],
                    "primary": {
                        "id": "/subscriptions/e5c064d7-9c8f-4e8d-ba57-5da9f1610cb3/resourceGroups/rg_cwarren/providers/Microsoft.Network/networkInterfaces/ni-cwarren-2",
                        "attributes": {
                            "applied_dns_servers.#": "0",
                            "dns_servers.#": "0",
                            "enable_accelerated_networking": "false",
                            "enable_ip_forwarding": "false",
                            "id": "/subscriptions/e5c064d7-9c8f-4e8d-ba57-5da9f1610cb3/resourceGroups/rg_cwarren/providers/Microsoft.Network/networkInterfaces/ni-cwarren-2",
                            "internal_dns_name_label": "",
                            "internal_fqdn": "",
                            "ip_configuration.#": "1",
                            "ip_configuration.0.application_gateway_backend_address_pools_ids.#": "0",
                            "ip_configuration.0.application_security_group_ids.#": "0",
                            "ip_configuration.0.load_balancer_backend_address_pools_ids.#": "1",
                            "ip_configuration.0.load_balancer_backend_address_pools_ids.4112404539": "/subscriptions/e5c064d7-9c8f-4e8d-ba57-5da9f1610cb3/resourceGroups/rg_cwarren/providers/Microsoft.Network/loadBalancers/lb_cwarren/backendAddressPools/pool_cwarren",
                            "ip_configuration.0.load_balancer_inbound_nat_rules_ids.#": "0",
                            "ip_configuration.0.name": "ip_int_cwarren",
                            "ip_configuration.0.primary": "true",
                            "ip_configuration.0.private_ip_address": "10.240.0.6",
                            "ip_configuration.0.private_ip_address_allocation": "static",
                            "ip_configuration.0.private_ip_address_version": "IPv4",
                            "ip_configuration.0.public_ip_address_id": "/subscriptions/e5c064d7-9c8f-4e8d-ba57-5da9f1610cb3/resourceGroups/rg_cwarren/providers/Microsoft.Network/publicIPAddresses/ipExtcwarren2",
                            "ip_configuration.0.subnet_id": "/subscriptions/e5c064d7-9c8f-4e8d-ba57-5da9f1610cb3/resourceGroups/rg_cwarren/providers/Microsoft.Network/virtualNetworks/net_cwarren/subnets/snet_host",
                            "location": "eastus",
                            "mac_address": "",
                            "name": "ni-cwarren-2",
                            "network_security_group_id": "",
                            "private_ip_address": "10.240.0.6",
                            "private_ip_addresses.#": "1",
                            "private_ip_addresses.0": "10.240.0.6",
                            "resource_group_name": "rg_cwarren",
                            "tags.%": "1",
                            "tags.environment": "cwarren"
                        },
                        "meta": {},
                        "tainted": false
                    },
                    "deposed": [],
                    "provider": "provider.azurerm"
                },
                "azurerm_network_security_group.sgrp_ext_train": {
                    "type": "azurerm_network_security_group",
                    "depends_on": [
                        "azurerm_resource_group.rg_train"
                    ],
                    "primary": {
                        "id": "/subscriptions/e5c064d7-9c8f-4e8d-ba57-5da9f1610cb3/resourceGroups/rg_cwarren/providers/Microsoft.Network/networkSecurityGroups/sgrp_ext_cwarren",
                        "attributes": {
                            "id": "/subscriptions/e5c064d7-9c8f-4e8d-ba57-5da9f1610cb3/resourceGroups/rg_cwarren/providers/Microsoft.Network/networkSecurityGroups/sgrp_ext_cwarren",
                            "location": "eastus",
                            "name": "sgrp_ext_cwarren",
                            "resource_group_name": "rg_cwarren",
                            "security_rule.#": "0",
                            "tags.%": "1",
                            "tags.environment": "cwarren"
                        },
                        "meta": {},
                        "tainted": false
                    },
                    "deposed": [],
                    "provider": "provider.azurerm"
                },
                "azurerm_network_security_group.sgrp_int_train": {
                    "type": "azurerm_network_security_group",
                    "depends_on": [
                        "azurerm_resource_group.rg_train"
                    ],
                    "primary": {
                        "id": "/subscriptions/e5c064d7-9c8f-4e8d-ba57-5da9f1610cb3/resourceGroups/rg_cwarren/providers/Microsoft.Network/networkSecurityGroups/sgrp_int_cwarren",
                        "attributes": {
                            "id": "/subscriptions/e5c064d7-9c8f-4e8d-ba57-5da9f1610cb3/resourceGroups/rg_cwarren/providers/Microsoft.Network/networkSecurityGroups/sgrp_int_cwarren",
                            "location": "eastus",
                            "name": "sgrp_int_cwarren",
                            "resource_group_name": "rg_cwarren",
                            "security_rule.#": "0",
                            "tags.%": "0"
                        },
                        "meta": {},
                        "tainted": false
                    },
                    "deposed": [],
                    "provider": "provider.azurerm"
                },
                "azurerm_network_security_rule.rule_ext_train": {
                    "type": "azurerm_network_security_rule",
                    "depends_on": [
                        "azurerm_network_security_group.sgrp_ext_train",
                        "azurerm_resource_group.rg_train"
                    ],
                    "primary": {
                        "id": "/subscriptions/e5c064d7-9c8f-4e8d-ba57-5da9f1610cb3/resourceGroups/rg_cwarren/providers/Microsoft.Network/networkSecurityGroups/sgrp_ext_cwarren/securityRules/rule_ext_cwarren",
                        "attributes": {
                            "access": "Allow",
                            "description": "",
                            "destination_address_prefix": "*",
                            "destination_address_prefixes.#": "0",
                            "destination_application_security_group_ids.#": "0",
                            "destination_port_range": "",
                            "destination_port_ranges.#": "2",
                            "destination_port_ranges.1685985038": "22",
                            "destination_port_ranges.3550259148": "6443",
                            "direction": "Inbound",
                            "id": "/subscriptions/e5c064d7-9c8f-4e8d-ba57-5da9f1610cb3/resourceGroups/rg_cwarren/providers/Microsoft.Network/networkSecurityGroups/sgrp_ext_cwarren/securityRules/rule_ext_cwarren",
                            "name": "rule_ext_cwarren",
                            "network_security_group_name": "sgrp_ext_cwarren",
                            "priority": "101",
                            "protocol": "TCP",
                            "resource_group_name": "rg_cwarren",
                            "source_address_prefix": "*",
                            "source_address_prefixes.#": "0",
                            "source_application_security_group_ids.#": "0",
                            "source_port_range": "*",
                            "source_port_ranges.#": "0"
                        },
                        "meta": {},
                        "tainted": false
                    },
                    "deposed": [],
                    "provider": "provider.azurerm"
                },
                "azurerm_network_security_rule.rule_int_train": {
                    "type": "azurerm_network_security_rule",
                    "depends_on": [
                        "azurerm_network_security_group.sgrp_int_train",
                        "azurerm_resource_group.rg_train"
                    ],
                    "primary": {
                        "id": "/subscriptions/e5c064d7-9c8f-4e8d-ba57-5da9f1610cb3/resourceGroups/rg_cwarren/providers/Microsoft.Network/networkSecurityGroups/sgrp_int_cwarren/securityRules/rule_int_cwarren",
                        "attributes": {
                            "access": "Allow",
                            "description": "",
                            "destination_address_prefix": "*",
                            "destination_address_prefixes.#": "0",
                            "destination_application_security_group_ids.#": "0",
                            "destination_port_range": "",
                            "destination_port_ranges.#": "2",
                            "destination_port_ranges.1685985038": "22",
                            "destination_port_ranges.3550259148": "6443",
                            "direction": "Inbound",
                            "id": "/subscriptions/e5c064d7-9c8f-4e8d-ba57-5da9f1610cb3/resourceGroups/rg_cwarren/providers/Microsoft.Network/networkSecurityGroups/sgrp_int_cwarren/securityRules/rule_int_cwarren",
                            "name": "rule_int_cwarren",
                            "network_security_group_name": "sgrp_int_cwarren",
                            "priority": "100",
                            "protocol": "*",
                            "resource_group_name": "rg_cwarren",
                            "source_address_prefix": "",
                            "source_address_prefixes.#": "2",
                            "source_address_prefixes.1706687978": "10.240.0.0/24",
                            "source_address_prefixes.4252409353": "10.200.0.0/16",
                            "source_application_security_group_ids.#": "0",
                            "source_port_range": "*",
                            "source_port_ranges.#": "0"
                        },
                        "meta": {},
                        "tainted": false
                    },
                    "deposed": [],
                    "provider": "provider.azurerm"
                },
                "azurerm_public_ip.ip_ext_LB_train": {
                    "type": "azurerm_public_ip",
                    "depends_on": [
                        "azurerm_resource_group.rg_train"
                    ],
                    "primary": {
                        "id": "/subscriptions/e5c064d7-9c8f-4e8d-ba57-5da9f1610cb3/resourceGroups/rg_cwarren/providers/Microsoft.Network/publicIPAddresses/ip_ext_LB_cwarren",
                        "attributes": {
                            "allocation_method": "Static",
                            "id": "/subscriptions/e5c064d7-9c8f-4e8d-ba57-5da9f1610cb3/resourceGroups/rg_cwarren/providers/Microsoft.Network/publicIPAddresses/ip_ext_LB_cwarren",
                            "idle_timeout_in_minutes": "4",
                            "ip_address": "13.82.174.77",
                            "ip_version": "IPv4",
                            "location": "eastus",
                            "name": "ip_ext_LB_cwarren",
                            "public_ip_address_allocation": "Static",
                            "resource_group_name": "rg_cwarren",
                            "sku": "Basic",
                            "tags.%": "1",
                            "tags.environment": "cwarren",
                            "zones.#": "0"
                        },
                        "meta": {},
                        "tainted": false
                    },
                    "deposed": [],
                    "provider": "provider.azurerm"
                },
                "azurerm_public_ip.ip_ext_train.0": {
                    "type": "azurerm_public_ip",
                    "depends_on": [
                        "azurerm_resource_group.rg_train"
                    ],
                    "primary": {
                        "id": "/subscriptions/e5c064d7-9c8f-4e8d-ba57-5da9f1610cb3/resourceGroups/rg_cwarren/providers/Microsoft.Network/publicIPAddresses/ipExtcwarren0",
                        "attributes": {
                            "allocation_method": "Dynamic",
                            "id": "/subscriptions/e5c064d7-9c8f-4e8d-ba57-5da9f1610cb3/resourceGroups/rg_cwarren/providers/Microsoft.Network/publicIPAddresses/ipExtcwarren0",
                            "idle_timeout_in_minutes": "4",
                            "ip_address": "",
                            "ip_version": "IPv4",
                            "location": "eastus",
                            "name": "ipExtcwarren0",
                            "public_ip_address_allocation": "Dynamic",
                            "resource_group_name": "rg_cwarren",
                            "sku": "Basic",
                            "tags.%": "1",
                            "tags.environment": "cwarren",
                            "zones.#": "0"
                        },
                        "meta": {},
                        "tainted": false
                    },
                    "deposed": [],
                    "provider": "provider.azurerm"
                },
                "azurerm_public_ip.ip_ext_train.1": {
                    "type": "azurerm_public_ip",
                    "depends_on": [
                        "azurerm_resource_group.rg_train"
                    ],
                    "primary": {
                        "id": "/subscriptions/e5c064d7-9c8f-4e8d-ba57-5da9f1610cb3/resourceGroups/rg_cwarren/providers/Microsoft.Network/publicIPAddresses/ipExtcwarren1",
                        "attributes": {
                            "allocation_method": "Dynamic",
                            "id": "/subscriptions/e5c064d7-9c8f-4e8d-ba57-5da9f1610cb3/resourceGroups/rg_cwarren/providers/Microsoft.Network/publicIPAddresses/ipExtcwarren1",
                            "idle_timeout_in_minutes": "4",
                            "ip_address": "",
                            "ip_version": "IPv4",
                            "location": "eastus",
                            "name": "ipExtcwarren1",
                            "public_ip_address_allocation": "Dynamic",
                            "resource_group_name": "rg_cwarren",
                            "sku": "Basic",
                            "tags.%": "1",
                            "tags.environment": "cwarren",
                            "zones.#": "0"
                        },
                        "meta": {},
                        "tainted": false
                    },
                    "deposed": [],
                    "provider": "provider.azurerm"
                },
                "azurerm_public_ip.ip_ext_train.2": {
                    "type": "azurerm_public_ip",
                    "depends_on": [
                        "azurerm_resource_group.rg_train"
                    ],
                    "primary": {
                        "id": "/subscriptions/e5c064d7-9c8f-4e8d-ba57-5da9f1610cb3/resourceGroups/rg_cwarren/providers/Microsoft.Network/publicIPAddresses/ipExtcwarren2",
                        "attributes": {
                            "allocation_method": "Dynamic",
                            "id": "/subscriptions/e5c064d7-9c8f-4e8d-ba57-5da9f1610cb3/resourceGroups/rg_cwarren/providers/Microsoft.Network/publicIPAddresses/ipExtcwarren2",
                            "idle_timeout_in_minutes": "4",
                            "ip_address": "",
                            "ip_version": "IPv4",
                            "location": "eastus",
                            "name": "ipExtcwarren2",
                            "public_ip_address_allocation": "Dynamic",
                            "resource_group_name": "rg_cwarren",
                            "sku": "Basic",
                            "tags.%": "1",
                            "tags.environment": "cwarren",
                            "zones.#": "0"
                        },
                        "meta": {},
                        "tainted": false
                    },
                    "deposed": [],
                    "provider": "provider.azurerm"
                },
                "azurerm_resource_group.rg_train": {
                    "type": "azurerm_resource_group",
                    "depends_on": [],
                    "primary": {
                        "id": "/subscriptions/e5c064d7-9c8f-4e8d-ba57-5da9f1610cb3/resourceGroups/rg_cwarren",
                        "attributes": {
                            "id": "/subscriptions/e5c064d7-9c8f-4e8d-ba57-5da9f1610cb3/resourceGroups/rg_cwarren",
                            "location": "eastus",
                            "name": "rg_cwarren",
                            "tags.%": "1",
                            "tags.environment": "cwarren"
                        },
                        "meta": {},
                        "tainted": false
                    },
                    "deposed": [],
                    "provider": "provider.azurerm"
                },
                "azurerm_storage_account.stracct_train.0": {
                    "type": "azurerm_storage_account",
                    "depends_on": [
                        "azurerm_resource_group.rg_train"
                    ],
                    "primary": {
                        "id": "/subscriptions/e5c064d7-9c8f-4e8d-ba57-5da9f1610cb3/resourceGroups/rg_cwarren/providers/Microsoft.Storage/storageAccounts/diagcwarren0",
                        "attributes": {
                            "access_tier": "",
                            "account_encryption_source": "Microsoft.Storage",
                            "account_kind": "Storage",
                            "account_replication_type": "LRS",
                            "account_tier": "Standard",
                            "account_type": "Standard_LRS",
                            "enable_blob_encryption": "true",
                            "enable_file_encryption": "true",
                            "enable_https_traffic_only": "false",
                            "id": "/subscriptions/e5c064d7-9c8f-4e8d-ba57-5da9f1610cb3/resourceGroups/rg_cwarren/providers/Microsoft.Storage/storageAccounts/diagcwarren0",
                            "identity.#": "0",
                            "location": "eastus",
                            "name": "diagcwarren0",
                            "network_rules.#": "0",
                            "primary_access_key": "4SMXrTQm+kW8MvE8ycLYoSn/jXJjvkxHEb2M6FVDwEMVv7tsh+aB6Z6UPmUHh3MC52s9t9c6I31Nud7CV6yhhA==",
                            "primary_blob_connection_string": "DefaultEndpointsProtocol=https;BlobEndpoint=https://diagcwarren0.blob.core.windows.net/;AccountName=diagcwarren0;AccountKey=4SMXrTQm+kW8MvE8ycLYoSn/jXJjvkxHEb2M6FVDwEMVv7tsh+aB6Z6UPmUHh3MC52s9t9c6I31Nud7CV6yhhA==",
                            "primary_blob_endpoint": "https://diagcwarren0.blob.core.windows.net/",
                            "primary_connection_string": "DefaultEndpointsProtocol=https;AccountName=diagcwarren0;AccountKey=4SMXrTQm+kW8MvE8ycLYoSn/jXJjvkxHEb2M6FVDwEMVv7tsh+aB6Z6UPmUHh3MC52s9t9c6I31Nud7CV6yhhA==;EndpointSuffix=core.windows.net",
                            "primary_file_endpoint": "https://diagcwarren0.file.core.windows.net/",
                            "primary_location": "eastus",
                            "primary_queue_endpoint": "https://diagcwarren0.queue.core.windows.net/",
                            "primary_table_endpoint": "https://diagcwarren0.table.core.windows.net/",
                            "resource_group_name": "rg_cwarren",
                            "secondary_access_key": "7dfJo0yy1LFoTnpOQt3o9MRMrV0XpDxKrbe3Jd2B+7ywIf4lFG06NO/5xLUSjMY57y6kSQg8vQm6fZlXW5SZFg==",
                            "secondary_connection_string": "DefaultEndpointsProtocol=https;AccountName=diagcwarren0;AccountKey=7dfJo0yy1LFoTnpOQt3o9MRMrV0XpDxKrbe3Jd2B+7ywIf4lFG06NO/5xLUSjMY57y6kSQg8vQm6fZlXW5SZFg==;EndpointSuffix=core.windows.net",
                            "secondary_location": "",
                            "tags.%": "1",
                            "tags.environment": "cwarren"
                        },
                        "meta": {
                            "schema_version": "2"
                        },
                        "tainted": false
                    },
                    "deposed": [],
                    "provider": "provider.azurerm"
                },
                "azurerm_storage_account.stracct_train.1": {
                    "type": "azurerm_storage_account",
                    "depends_on": [
                        "azurerm_resource_group.rg_train"
                    ],
                    "primary": {
                        "id": "/subscriptions/e5c064d7-9c8f-4e8d-ba57-5da9f1610cb3/resourceGroups/rg_cwarren/providers/Microsoft.Storage/storageAccounts/diagcwarren1",
                        "attributes": {
                            "access_tier": "",
                            "account_encryption_source": "Microsoft.Storage",
                            "account_kind": "Storage",
                            "account_replication_type": "LRS",
                            "account_tier": "Standard",
                            "account_type": "Standard_LRS",
                            "enable_blob_encryption": "true",
                            "enable_file_encryption": "true",
                            "enable_https_traffic_only": "false",
                            "id": "/subscriptions/e5c064d7-9c8f-4e8d-ba57-5da9f1610cb3/resourceGroups/rg_cwarren/providers/Microsoft.Storage/storageAccounts/diagcwarren1",
                            "identity.#": "0",
                            "location": "eastus",
                            "name": "diagcwarren1",
                            "network_rules.#": "0",
                            "primary_access_key": "Fcd26DZGZ5jjb2mv2VBSfIsUA5slemWS9IYZxWRbqfed8U7MNHuUjmtuLFQX5e8xISohvoFdceeS9mrH1JpsNQ==",
                            "primary_blob_connection_string": "DefaultEndpointsProtocol=https;BlobEndpoint=https://diagcwarren1.blob.core.windows.net/;AccountName=diagcwarren1;AccountKey=Fcd26DZGZ5jjb2mv2VBSfIsUA5slemWS9IYZxWRbqfed8U7MNHuUjmtuLFQX5e8xISohvoFdceeS9mrH1JpsNQ==",
                            "primary_blob_endpoint": "https://diagcwarren1.blob.core.windows.net/",
                            "primary_connection_string": "DefaultEndpointsProtocol=https;AccountName=diagcwarren1;AccountKey=Fcd26DZGZ5jjb2mv2VBSfIsUA5slemWS9IYZxWRbqfed8U7MNHuUjmtuLFQX5e8xISohvoFdceeS9mrH1JpsNQ==;EndpointSuffix=core.windows.net",
                            "primary_file_endpoint": "https://diagcwarren1.file.core.windows.net/",
                            "primary_location": "eastus",
                            "primary_queue_endpoint": "https://diagcwarren1.queue.core.windows.net/",
                            "primary_table_endpoint": "https://diagcwarren1.table.core.windows.net/",
                            "resource_group_name": "rg_cwarren",
                            "secondary_access_key": "3NA6WJw0R2tEz9dE8XbTP55/8AMR9vOVpEQ/JkSL0fgjTkSYYPVXkXsDPl2b/0O5MJWuhZGGIobFbuAf50JUlg==",
                            "secondary_connection_string": "DefaultEndpointsProtocol=https;AccountName=diagcwarren1;AccountKey=3NA6WJw0R2tEz9dE8XbTP55/8AMR9vOVpEQ/JkSL0fgjTkSYYPVXkXsDPl2b/0O5MJWuhZGGIobFbuAf50JUlg==;EndpointSuffix=core.windows.net",
                            "secondary_location": "",
                            "tags.%": "1",
                            "tags.environment": "cwarren"
                        },
                        "meta": {
                            "schema_version": "2"
                        },
                        "tainted": false
                    },
                    "deposed": [],
                    "provider": "provider.azurerm"
                },
                "azurerm_storage_account.stracct_train.2": {
                    "type": "azurerm_storage_account",
                    "depends_on": [
                        "azurerm_resource_group.rg_train"
                    ],
                    "primary": {
                        "id": "/subscriptions/e5c064d7-9c8f-4e8d-ba57-5da9f1610cb3/resourceGroups/rg_cwarren/providers/Microsoft.Storage/storageAccounts/diagcwarren2",
                        "attributes": {
                            "access_tier": "",
                            "account_encryption_source": "Microsoft.Storage",
                            "account_kind": "Storage",
                            "account_replication_type": "LRS",
                            "account_tier": "Standard",
                            "account_type": "Standard_LRS",
                            "enable_blob_encryption": "true",
                            "enable_file_encryption": "true",
                            "enable_https_traffic_only": "false",
                            "id": "/subscriptions/e5c064d7-9c8f-4e8d-ba57-5da9f1610cb3/resourceGroups/rg_cwarren/providers/Microsoft.Storage/storageAccounts/diagcwarren2",
                            "identity.#": "0",
                            "location": "eastus",
                            "name": "diagcwarren2",
                            "network_rules.#": "0",
                            "primary_access_key": "60yGdQ/3SyyqjdPrY3gahzGBPfP9vqA+QQQiNzZwVNn4ecXuzSPEcTShTTl/Eo3oHYS061PyTKa8LAXmqyoRvQ==",
                            "primary_blob_connection_string": "DefaultEndpointsProtocol=https;BlobEndpoint=https://diagcwarren2.blob.core.windows.net/;AccountName=diagcwarren2;AccountKey=60yGdQ/3SyyqjdPrY3gahzGBPfP9vqA+QQQiNzZwVNn4ecXuzSPEcTShTTl/Eo3oHYS061PyTKa8LAXmqyoRvQ==",
                            "primary_blob_endpoint": "https://diagcwarren2.blob.core.windows.net/",
                            "primary_connection_string": "DefaultEndpointsProtocol=https;AccountName=diagcwarren2;AccountKey=60yGdQ/3SyyqjdPrY3gahzGBPfP9vqA+QQQiNzZwVNn4ecXuzSPEcTShTTl/Eo3oHYS061PyTKa8LAXmqyoRvQ==;EndpointSuffix=core.windows.net",
                            "primary_file_endpoint": "https://diagcwarren2.file.core.windows.net/",
                            "primary_location": "eastus",
                            "primary_queue_endpoint": "https://diagcwarren2.queue.core.windows.net/",
                            "primary_table_endpoint": "https://diagcwarren2.table.core.windows.net/",
                            "resource_group_name": "rg_cwarren",
                            "secondary_access_key": "eiHwZVN+POgcvG4KvqqV+6WfU5v+9nlGAjfiSo0qn3OWkkwZthmlMjkK7wLHzL8UkPwZJn3LOakTjqQ2LUVXMw==",
                            "secondary_connection_string": "DefaultEndpointsProtocol=https;AccountName=diagcwarren2;AccountKey=eiHwZVN+POgcvG4KvqqV+6WfU5v+9nlGAjfiSo0qn3OWkkwZthmlMjkK7wLHzL8UkPwZJn3LOakTjqQ2LUVXMw==;EndpointSuffix=core.windows.net",
                            "secondary_location": "",
                            "tags.%": "1",
                            "tags.environment": "cwarren"
                        },
                        "meta": {
                            "schema_version": "2"
                        },
                        "tainted": false
                    },
                    "deposed": [],
                    "provider": "provider.azurerm"
                },
                "azurerm_subnet.snet_guest": {
                    "type": "azurerm_subnet",
                    "depends_on": [
                        "azurerm_resource_group.rg_train",
                        "azurerm_virtual_network.net_train"
                    ],
                    "primary": {
                        "id": "/subscriptions/e5c064d7-9c8f-4e8d-ba57-5da9f1610cb3/resourceGroups/rg_cwarren/providers/Microsoft.Network/virtualNetworks/net_cwarren/subnets/snet_guest",
                        "attributes": {
                            "address_prefix": "10.200.0.0/16",
                            "delegation.#": "0",
                            "id": "/subscriptions/e5c064d7-9c8f-4e8d-ba57-5da9f1610cb3/resourceGroups/rg_cwarren/providers/Microsoft.Network/virtualNetworks/net_cwarren/subnets/snet_guest",
                            "ip_configurations.#": "0",
                            "name": "snet_guest",
                            "network_security_group_id": "",
                            "resource_group_name": "rg_cwarren",
                            "route_table_id": "",
                            "service_endpoints.#": "0",
                            "virtual_network_name": "net_cwarren"
                        },
                        "meta": {},
                        "tainted": false
                    },
                    "deposed": [],
                    "provider": "provider.azurerm"
                },
                "azurerm_subnet.snet_host": {
                    "type": "azurerm_subnet",
                    "depends_on": [
                        "azurerm_resource_group.rg_train",
                        "azurerm_virtual_network.net_train"
                    ],
                    "primary": {
                        "id": "/subscriptions/e5c064d7-9c8f-4e8d-ba57-5da9f1610cb3/resourceGroups/rg_cwarren/providers/Microsoft.Network/virtualNetworks/net_cwarren/subnets/snet_host",
                        "attributes": {
                            "address_prefix": "10.240.0.0/24",
                            "delegation.#": "0",
                            "id": "/subscriptions/e5c064d7-9c8f-4e8d-ba57-5da9f1610cb3/resourceGroups/rg_cwarren/providers/Microsoft.Network/virtualNetworks/net_cwarren/subnets/snet_host",
                            "ip_configurations.#": "0",
                            "name": "snet_host",
                            "network_security_group_id": "",
                            "resource_group_name": "rg_cwarren",
                            "route_table_id": "",
                            "service_endpoints.#": "0",
                            "virtual_network_name": "net_cwarren"
                        },
                        "meta": {},
                        "tainted": false
                    },
                    "deposed": [],
                    "provider": "provider.azurerm"
                },
                "azurerm_virtual_machine.vm_train.0": {
                    "type": "azurerm_virtual_machine",
                    "depends_on": [
                        "azurerm_availability_set.as_train",
                        "azurerm_network_interface.nic_train.*",
                        "azurerm_resource_group.rg_train"
                    ],
                    "primary": {
                        "id": "/subscriptions/e5c064d7-9c8f-4e8d-ba57-5da9f1610cb3/resourceGroups/rg_cwarren/providers/Microsoft.Compute/virtualMachines/vmcwarren0",
                        "attributes": {
                            "availability_set_id": "/subscriptions/e5c064d7-9c8f-4e8d-ba57-5da9f1610cb3/resourcegroups/rg_cwarren/providers/microsoft.compute/availabilitysets/as_cwarren",
                            "delete_data_disks_on_termination": "true",
                            "delete_os_disk_on_termination": "true",
                            "id": "/subscriptions/e5c064d7-9c8f-4e8d-ba57-5da9f1610cb3/resourceGroups/rg_cwarren/providers/Microsoft.Compute/virtualMachines/vmcwarren0",
                            "identity.#": "0",
                            "location": "eastus",
                            "name": "vmcwarren0",
                            "network_interface_ids.#": "1",
                            "network_interface_ids.0": "/subscriptions/e5c064d7-9c8f-4e8d-ba57-5da9f1610cb3/resourceGroups/rg_cwarren/providers/Microsoft.Network/networkInterfaces/ni-cwarren-0",
                            "os_profile.#": "1",
                            "os_profile.931581803.admin_password": "",
                            "os_profile.931581803.admin_username": "azureadmin",
                            "os_profile.931581803.computer_name": "vm-cwarren-0",
                            "os_profile.931581803.custom_data": "",
                            "os_profile_linux_config.#": "1",
                            "os_profile_linux_config.2972667452.disable_password_authentication": "false",
                            "os_profile_linux_config.2972667452.ssh_keys.#": "0",
                            "os_profile_secrets.#": "0",
                            "os_profile_windows_config.#": "0",
                            "plan.#": "0",
                            "resource_group_name": "rg_cwarren",
                            "storage_data_disk.#": "0",
                            "storage_image_reference.#": "1",
                            "storage_image_reference.1211973898.id": "",
                            "storage_image_reference.1211973898.offer": "UbuntuServer",
                            "storage_image_reference.1211973898.publisher": "Canonical",
                            "storage_image_reference.1211973898.sku": "18.04-LTS",
                            "storage_image_reference.1211973898.version": "latest",
                            "storage_os_disk.#": "1",
                            "storage_os_disk.0.caching": "ReadWrite",
                            "storage_os_disk.0.create_option": "FromImage",
                            "storage_os_disk.0.disk_size_gb": "30",
                            "storage_os_disk.0.image_uri": "",
                            "storage_os_disk.0.managed_disk_id": "/subscriptions/e5c064d7-9c8f-4e8d-ba57-5da9f1610cb3/resourceGroups/rg_cwarren/providers/Microsoft.Compute/disks/osdisk-cwarren-0",
                            "storage_os_disk.0.managed_disk_type": "Standard_LRS",
                            "storage_os_disk.0.name": "osdisk-cwarren-0",
                            "storage_os_disk.0.os_type": "Linux",
                            "storage_os_disk.0.vhd_uri": "",
                            "storage_os_disk.0.write_accelerator_enabled": "false",
                            "tags.%": "1",
                            "tags.environment": "cwarren",
                            "vm_size": "Standard_DS2_v2",
                            "zones.#": "0"
                        },
                        "meta": {},
                        "tainted": false
                    },
                    "deposed": [],
                    "provider": "provider.azurerm"
                },
                "azurerm_virtual_machine.vm_train.1": {
                    "type": "azurerm_virtual_machine",
                    "depends_on": [
                        "azurerm_availability_set.as_train",
                        "azurerm_network_interface.nic_train.*",
                        "azurerm_resource_group.rg_train"
                    ],
                    "primary": {
                        "id": "/subscriptions/e5c064d7-9c8f-4e8d-ba57-5da9f1610cb3/resourceGroups/rg_cwarren/providers/Microsoft.Compute/virtualMachines/vmcwarren1",
                        "attributes": {
                            "availability_set_id": "/subscriptions/e5c064d7-9c8f-4e8d-ba57-5da9f1610cb3/resourcegroups/rg_cwarren/providers/microsoft.compute/availabilitysets/as_cwarren",
                            "delete_data_disks_on_termination": "true",
                            "delete_os_disk_on_termination": "true",
                            "id": "/subscriptions/e5c064d7-9c8f-4e8d-ba57-5da9f1610cb3/resourceGroups/rg_cwarren/providers/Microsoft.Compute/virtualMachines/vmcwarren1",
                            "identity.#": "0",
                            "location": "eastus",
                            "name": "vmcwarren1",
                            "network_interface_ids.#": "1",
                            "network_interface_ids.0": "/subscriptions/e5c064d7-9c8f-4e8d-ba57-5da9f1610cb3/resourceGroups/rg_cwarren/providers/Microsoft.Network/networkInterfaces/ni-cwarren-1",
                            "os_profile.#": "1",
                            "os_profile.782106154.admin_password": "",
                            "os_profile.782106154.admin_username": "azureadmin",
                            "os_profile.782106154.computer_name": "vm-cwarren-1",
                            "os_profile.782106154.custom_data": "",
                            "os_profile_linux_config.#": "1",
                            "os_profile_linux_config.2972667452.disable_password_authentication": "false",
                            "os_profile_linux_config.2972667452.ssh_keys.#": "0",
                            "os_profile_secrets.#": "0",
                            "os_profile_windows_config.#": "0",
                            "plan.#": "0",
                            "resource_group_name": "rg_cwarren",
                            "storage_data_disk.#": "0",
                            "storage_image_reference.#": "1",
                            "storage_image_reference.1211973898.id": "",
                            "storage_image_reference.1211973898.offer": "UbuntuServer",
                            "storage_image_reference.1211973898.publisher": "Canonical",
                            "storage_image_reference.1211973898.sku": "18.04-LTS",
                            "storage_image_reference.1211973898.version": "latest",
                            "storage_os_disk.#": "1",
                            "storage_os_disk.0.caching": "ReadWrite",
                            "storage_os_disk.0.create_option": "FromImage",
                            "storage_os_disk.0.disk_size_gb": "30",
                            "storage_os_disk.0.image_uri": "",
                            "storage_os_disk.0.managed_disk_id": "/subscriptions/e5c064d7-9c8f-4e8d-ba57-5da9f1610cb3/resourceGroups/rg_cwarren/providers/Microsoft.Compute/disks/osdisk-cwarren-1",
                            "storage_os_disk.0.managed_disk_type": "Standard_LRS",
                            "storage_os_disk.0.name": "osdisk-cwarren-1",
                            "storage_os_disk.0.os_type": "Linux",
                            "storage_os_disk.0.vhd_uri": "",
                            "storage_os_disk.0.write_accelerator_enabled": "false",
                            "tags.%": "1",
                            "tags.environment": "cwarren",
                            "vm_size": "Standard_DS2_v2",
                            "zones.#": "0"
                        },
                        "meta": {},
                        "tainted": false
                    },
                    "deposed": [],
                    "provider": "provider.azurerm"
                },
                "azurerm_virtual_machine.vm_train.2": {
                    "type": "azurerm_virtual_machine",
                    "depends_on": [
                        "azurerm_availability_set.as_train",
                        "azurerm_network_interface.nic_train.*",
                        "azurerm_resource_group.rg_train"
                    ],
                    "primary": {
                        "id": "/subscriptions/e5c064d7-9c8f-4e8d-ba57-5da9f1610cb3/resourceGroups/rg_cwarren/providers/Microsoft.Compute/virtualMachines/vmcwarren2",
                        "attributes": {
                            "availability_set_id": "/subscriptions/e5c064d7-9c8f-4e8d-ba57-5da9f1610cb3/resourcegroups/rg_cwarren/providers/microsoft.compute/availabilitysets/as_cwarren",
                            "delete_data_disks_on_termination": "true",
                            "delete_os_disk_on_termination": "true",
                            "id": "/subscriptions/e5c064d7-9c8f-4e8d-ba57-5da9f1610cb3/resourceGroups/rg_cwarren/providers/Microsoft.Compute/virtualMachines/vmcwarren2",
                            "identity.#": "0",
                            "location": "eastus",
                            "name": "vmcwarren2",
                            "network_interface_ids.#": "1",
                            "network_interface_ids.0": "/subscriptions/e5c064d7-9c8f-4e8d-ba57-5da9f1610cb3/resourceGroups/rg_cwarren/providers/Microsoft.Network/networkInterfaces/ni-cwarren-2",
                            "os_profile.#": "1",
                            "os_profile.95464937.admin_password": "",
                            "os_profile.95464937.admin_username": "azureadmin",
                            "os_profile.95464937.computer_name": "vm-cwarren-2",
                            "os_profile.95464937.custom_data": "",
                            "os_profile_linux_config.#": "1",
                            "os_profile_linux_config.2972667452.disable_password_authentication": "false",
                            "os_profile_linux_config.2972667452.ssh_keys.#": "0",
                            "os_profile_secrets.#": "0",
                            "os_profile_windows_config.#": "0",
                            "plan.#": "0",
                            "resource_group_name": "rg_cwarren",
                            "storage_data_disk.#": "0",
                            "storage_image_reference.#": "1",
                            "storage_image_reference.1211973898.id": "",
                            "storage_image_reference.1211973898.offer": "UbuntuServer",
                            "storage_image_reference.1211973898.publisher": "Canonical",
                            "storage_image_reference.1211973898.sku": "18.04-LTS",
                            "storage_image_reference.1211973898.version": "latest",
                            "storage_os_disk.#": "1",
                            "storage_os_disk.0.caching": "ReadWrite",
                            "storage_os_disk.0.create_option": "FromImage",
                            "storage_os_disk.0.disk_size_gb": "30",
                            "storage_os_disk.0.image_uri": "",
                            "storage_os_disk.0.managed_disk_id": "/subscriptions/e5c064d7-9c8f-4e8d-ba57-5da9f1610cb3/resourceGroups/rg_cwarren/providers/Microsoft.Compute/disks/osdisk-cwarren-2",
                            "storage_os_disk.0.managed_disk_type": "Standard_LRS",
                            "storage_os_disk.0.name": "osdisk-cwarren-2",
                            "storage_os_disk.0.os_type": "Linux",
                            "storage_os_disk.0.vhd_uri": "",
                            "storage_os_disk.0.write_accelerator_enabled": "false",
                            "tags.%": "1",
                            "tags.environment": "cwarren",
                            "vm_size": "Standard_DS2_v2",
                            "zones.#": "0"
                        },
                        "meta": {},
                        "tainted": false
                    },
                    "deposed": [],
                    "provider": "provider.azurerm"
                },
                "azurerm_virtual_network.net_train": {
                    "type": "azurerm_virtual_network",
                    "depends_on": [
                        "azurerm_resource_group.rg_train"
                    ],
                    "primary": {
                        "id": "/subscriptions/e5c064d7-9c8f-4e8d-ba57-5da9f1610cb3/resourceGroups/rg_cwarren/providers/Microsoft.Network/virtualNetworks/net_cwarren",
                        "attributes": {
                            "address_space.#": "1",
                            "address_space.0": "10.0.0.0/8",
                            "dns_servers.#": "0",
                            "id": "/subscriptions/e5c064d7-9c8f-4e8d-ba57-5da9f1610cb3/resourceGroups/rg_cwarren/providers/Microsoft.Network/virtualNetworks/net_cwarren",
                            "location": "eastus",
                            "name": "net_cwarren",
                            "resource_group_name": "rg_cwarren",
                            "subnet.#": "0",
                            "tags.%": "1",
                            "tags.environment": "cwarren"
                        },
                        "meta": {},
                        "tainted": false
                    },
                    "deposed": [],
                    "provider": "provider.azurerm"
                }
            },
            "depends_on": []
        }
    ]
}
